
Microsoft Visual Studio Solution File, Format Version 12.00
# Visual Studio Version 17
VisualStudioVersion = 17.0.31903.59
MinimumVisualStudioVersion = 10.0.40219.1
Project("{FAE04EC0-301F-11D3-BF4B-00C04F79EFBC}") = "01_MainSubjects", "01_MainSubjects\01_MainSubjects.csproj", "{D3EA6B08-1978-4230-9359-4C4D840933DE}"
EndProject
Project("{FAE04EC0-301F-11D3-BF4B-00C04F79EFBC}") = "02_Variables", "02_Variables\02_Variables.csproj", "{891939F3-9FAE-4E2F-AC8E-89F508FB053F}"
EndProject
Project("{FAE04EC0-301F-11D3-BF4B-00C04F79EFBC}") = "03_MakingDecision", "03_MakingDecision\03_MakingDecision.csproj", "{B02C0DC8-2E0A-458F-905A-23016AFDE155}"
EndProject
Project("{FAE04EC0-301F-11D3-BF4B-00C04F79EFBC}") = "04_Loops", "04_Loops\04_Loops.csproj", "{5E06FCF8-7502-479B-B175-58AF919CAA53}"
EndProject
Project("{FAE04EC0-301F-11D3-BF4B-00C04F79EFBC}") = "05_LoopsWithStars", "05_LoopsWithStars\05_LoopsWithStars.csproj", "{39FB24B0-EBCD-4ACA-9266-C0C01ED61258}"
EndProject
Project("{FAE04EC0-301F-11D3-BF4B-00C04F79EFBC}") = "06_Arrays", "06_Arrays\06_Arrays.csproj", "{A5838356-F894-48D0-9309-A25A76DD3932}"
EndProject
Project("{FAE04EC0-301F-11D3-BF4B-00C04F79EFBC}") = "07_ForeachLoops", "07_ForeachLoops\07_ForeachLoops.csproj", "{9E992998-FBF8-4D03-9E46-86BD2809DF92}"
EndProject
Project("{FAE04EC0-301F-11D3-BF4B-00C04F79EFBC}") = "08_Methods", "08_Methods\08_Methods.csproj", "{4A169166-677A-424A-AFB2-2D6613F44818}"
EndProject
Project("{FAE04EC0-301F-11D3-BF4B-00C04F79EFBC}") = "09_DatabaseProject", "09_DatabaseProject\09_DatabaseProject.csproj", "{3FA8E895-3335-45A5-B419-F9BC1300F6C6}"
EndProject
Project("{FAE04EC0-301F-11D3-BF4B-00C04F79EFBC}") = "10_DatabaseCrud", "10_DatabaseCrud\10_DatabaseCrud.csproj", "{E50E95D7-1BAA-4BDF-9A3C-C8ACB231DD81}"
EndProject
Global
	GlobalSection(SolutionConfigurationPlatforms) = preSolution
		Debug|Any CPU = Debug|Any CPU
		Debug|x64 = Debug|x64
		Debug|x86 = Debug|x86
		Release|Any CPU = Release|Any CPU
		Release|x64 = Release|x64
		Release|x86 = Release|x86
	EndGlobalSection
	GlobalSection(ProjectConfigurationPlatforms) = postSolution
		{D3EA6B08-1978-4230-9359-4C4D840933DE}.Debug|Any CPU.ActiveCfg = Debug|Any CPU
		{D3EA6B08-1978-4230-9359-4C4D840933DE}.Debug|Any CPU.Build.0 = Debug|Any CPU
		{D3EA6B08-1978-4230-9359-4C4D840933DE}.Debug|x64.ActiveCfg = Debug|Any CPU
		{D3EA6B08-1978-4230-9359-4C4D840933DE}.Debug|x64.Build.0 = Debug|Any CPU
		{D3EA6B08-1978-4230-9359-4C4D840933DE}.Debug|x86.ActiveCfg = Debug|Any CPU
		{D3EA6B08-1978-4230-9359-4C4D840933DE}.Debug|x86.Build.0 = Debug|Any CPU
		{D3EA6B08-1978-4230-9359-4C4D840933DE}.Release|Any CPU.ActiveCfg = Release|Any CPU
		{D3EA6B08-1978-4230-9359-4C4D840933DE}.Release|Any CPU.Build.0 = Release|Any CPU
		{D3EA6B08-1978-4230-9359-4C4D840933DE}.Release|x64.ActiveCfg = Release|Any CPU
		{D3EA6B08-1978-4230-9359-4C4D840933DE}.Release|x64.Build.0 = Release|Any CPU
		{D3EA6B08-1978-4230-9359-4C4D840933DE}.Release|x86.ActiveCfg = Release|Any CPU
		{D3EA6B08-1978-4230-9359-4C4D840933DE}.Release|x86.Build.0 = Release|Any CPU
		{891939F3-9FAE-4E2F-AC8E-89F508FB053F}.Debug|Any CPU.ActiveCfg = Debug|Any CPU
		{891939F3-9FAE-4E2F-AC8E-89F508FB053F}.Debug|Any CPU.Build.0 = Debug|Any CPU
		{891939F3-9FAE-4E2F-AC8E-89F508FB053F}.Debug|x64.ActiveCfg = Debug|Any CPU
		{891939F3-9FAE-4E2F-AC8E-89F508FB053F}.Debug|x64.Build.0 = Debug|Any CPU
		{891939F3-9FAE-4E2F-AC8E-89F508FB053F}.Debug|x86.ActiveCfg = Debug|Any CPU
		{891939F3-9FAE-4E2F-AC8E-89F508FB053F}.Debug|x86.Build.0 = Debug|Any CPU
		{891939F3-9FAE-4E2F-AC8E-89F508FB053F}.Release|Any CPU.ActiveCfg = Release|Any CPU
		{891939F3-9FAE-4E2F-AC8E-89F508FB053F}.Release|Any CPU.Build.0 = Release|Any CPU
		{891939F3-9FAE-4E2F-AC8E-89F508FB053F}.Release|x64.ActiveCfg = Release|Any CPU
		{891939F3-9FAE-4E2F-AC8E-89F508FB053F}.Release|x64.Build.0 = Release|Any CPU
		{891939F3-9FAE-4E2F-AC8E-89F508FB053F}.Release|x86.ActiveCfg = Release|Any CPU
		{891939F3-9FAE-4E2F-AC8E-89F508FB053F}.Release|x86.Build.0 = Release|Any CPU
		{B02C0DC8-2E0A-458F-905A-23016AFDE155}.Debug|Any CPU.ActiveCfg = Debug|Any CPU
		{B02C0DC8-2E0A-458F-905A-23016AFDE155}.Debug|Any CPU.Build.0 = Debug|Any CPU
		{B02C0DC8-2E0A-458F-905A-23016AFDE155}.Debug|x64.ActiveCfg = Debug|Any CPU
		{B02C0DC8-2E0A-458F-905A-23016AFDE155}.Debug|x64.Build.0 = Debug|Any CPU
		{B02C0DC8-2E0A-458F-905A-23016AFDE155}.Debug|x86.ActiveCfg = Debug|Any CPU
		{B02C0DC8-2E0A-458F-905A-23016AFDE155}.Debug|x86.Build.0 = Debug|Any CPU
		{B02C0DC8-2E0A-458F-905A-23016AFDE155}.Release|Any CPU.ActiveCfg = Release|Any CPU
		{B02C0DC8-2E0A-458F-905A-23016AFDE155}.Release|Any CPU.Build.0 = Release|Any CPU
		{B02C0DC8-2E0A-458F-905A-23016AFDE155}.Release|x64.ActiveCfg = Release|Any CPU
		{B02C0DC8-2E0A-458F-905A-23016AFDE155}.Release|x64.Build.0 = Release|Any CPU
		{B02C0DC8-2E0A-458F-905A-23016AFDE155}.Release|x86.ActiveCfg = Release|Any CPU
		{B02C0DC8-2E0A-458F-905A-23016AFDE155}.Release|x86.Build.0 = Release|Any CPU
		{5E06FCF8-7502-479B-B175-58AF919CAA53}.Debug|Any CPU.ActiveCfg = Debug|Any CPU
		{5E06FCF8-7502-479B-B175-58AF919CAA53}.Debug|Any CPU.Build.0 = Debug|Any CPU
		{5E06FCF8-7502-479B-B175-58AF919CAA53}.Debug|x64.ActiveCfg = Debug|Any CPU
		{5E06FCF8-7502-479B-B175-58AF919CAA53}.Debug|x64.Build.0 = Debug|Any CPU
		{5E06FCF8-7502-479B-B175-58AF919CAA53}.Debug|x86.ActiveCfg = Debug|Any CPU
		{5E06FCF8-7502-479B-B175-58AF919CAA53}.Debug|x86.Build.0 = Debug|Any CPU
		{5E06FCF8-7502-479B-B175-58AF919CAA53}.Release|Any CPU.ActiveCfg = Release|Any CPU
		{5E06FCF8-7502-479B-B175-58AF919CAA53}.Release|Any CPU.Build.0 = Release|Any CPU
		{5E06FCF8-7502-479B-B175-58AF919CAA53}.Release|x64.ActiveCfg = Release|Any CPU
		{5E06FCF8-7502-479B-B175-58AF919CAA53}.Release|x64.Build.0 = Release|Any CPU
		{5E06FCF8-7502-479B-B175-58AF919CAA53}.Release|x86.ActiveCfg = Release|Any CPU
		{5E06FCF8-7502-479B-B175-58AF919CAA53}.Release|x86.Build.0 = Release|Any CPU
		{39FB24B0-EBCD-4ACA-9266-C0C01ED61258}.Debug|Any CPU.ActiveCfg = Debug|Any CPU
		{39FB24B0-EBCD-4ACA-9266-C0C01ED61258}.Debug|Any CPU.Build.0 = Debug|Any CPU
		{39FB24B0-EBCD-4ACA-9266-C0C01ED61258}.Debug|x64.ActiveCfg = Debug|Any CPU
		{39FB24B0-EBCD-4ACA-9266-C0C01ED61258}.Debug|x64.Build.0 = Debug|Any CPU
		{39FB24B0-EBCD-4ACA-9266-C0C01ED61258}.Debug|x86.ActiveCfg = Debug|Any CPU
		{39FB24B0-EBCD-4ACA-9266-C0C01ED61258}.Debug|x86.Build.0 = Debug|Any CPU
		{39FB24B0-EBCD-4ACA-9266-C0C01ED61258}.Release|Any CPU.ActiveCfg = Release|Any CPU
		{39FB24B0-EBCD-4ACA-9266-C0C01ED61258}.Release|Any CPU.Build.0 = Release|Any CPU
		{39FB24B0-EBCD-4ACA-9266-C0C01ED61258}.Release|x64.ActiveCfg = Release|Any CPU
		{39FB24B0-EBCD-4ACA-9266-C0C01ED61258}.Release|x64.Build.0 = Release|Any CPU
		{39FB24B0-EBCD-4ACA-9266-C0C01ED61258}.Release|x86.ActiveCfg = Release|Any CPU
		{39FB24B0-EBCD-4ACA-9266-C0C01ED61258}.Release|x86.Build.0 = Release|Any CPU
		{A5838356-F894-48D0-9309-A25A76DD3932}.Debug|Any CPU.ActiveCfg = Debug|Any CPU
		{A5838356-F894-48D0-9309-A25A76DD3932}.Debug|Any CPU.Build.0 = Debug|Any CPU
		{A5838356-F894-48D0-9309-A25A76DD3932}.Debug|x64.ActiveCfg = Debug|Any CPU
		{A5838356-F894-48D0-9309-A25A76DD3932}.Debug|x64.Build.0 = Debug|Any CPU
		{A5838356-F894-48D0-9309-A25A76DD3932}.Debug|x86.ActiveCfg = Debug|Any CPU
		{A5838356-F894-48D0-9309-A25A76DD3932}.Debug|x86.Build.0 = Debug|Any CPU
		{A5838356-F894-48D0-9309-A25A76DD3932}.Release|Any CPU.ActiveCfg = Release|Any CPU
		{A5838356-F894-48D0-9309-A25A76DD3932}.Release|Any CPU.Build.0 = Release|Any CPU
		{A5838356-F894-48D0-9309-A25A76DD3932}.Release|x64.ActiveCfg = Release|Any CPU
		{A5838356-F894-48D0-9309-A25A76DD3932}.Release|x64.Build.0 = Release|Any CPU
		{A5838356-F894-48D0-9309-A25A76DD3932}.Release|x86.ActiveCfg = Release|Any CPU
		{A5838356-F894-48D0-9309-A25A76DD3932}.Release|x86.Build.0 = Release|Any CPU
		{9E992998-FBF8-4D03-9E46-86BD2809DF92}.Debug|Any CPU.ActiveCfg = Debug|Any CPU
		{9E992998-FBF8-4D03-9E46-86BD2809DF92}.Debug|Any CPU.Build.0 = Debug|Any CPU
		{9E992998-FBF8-4D03-9E46-86BD2809DF92}.Debug|x64.ActiveCfg = Debug|Any CPU
		{9E992998-FBF8-4D03-9E46-86BD2809DF92}.Debug|x64.Build.0 = Debug|Any CPU
		{9E992998-FBF8-4D03-9E46-86BD2809DF92}.Debug|x86.ActiveCfg = Debug|Any CPU
		{9E992998-FBF8-4D03-9E46-86BD2809DF92}.Debug|x86.Build.0 = Debug|Any CPU
		{9E992998-FBF8-4D03-9E46-86BD2809DF92}.Release|Any CPU.ActiveCfg = Release|Any CPU
		{9E992998-FBF8-4D03-9E46-86BD2809DF92}.Release|Any CPU.Build.0 = Release|Any CPU
		{9E992998-FBF8-4D03-9E46-86BD2809DF92}.Release|x64.ActiveCfg = Release|Any CPU
		{9E992998-FBF8-4D03-9E46-86BD2809DF92}.Release|x64.Build.0 = Release|Any CPU
		{9E992998-FBF8-4D03-9E46-86BD2809DF92}.Release|x86.ActiveCfg = Release|Any CPU
		{9E992998-FBF8-4D03-9E46-86BD2809DF92}.Release|x86.Build.0 = Release|Any CPU
		{4A169166-677A-424A-AFB2-2D6613F44818}.Debug|Any CPU.ActiveCfg = Debug|Any CPU
		{4A169166-677A-424A-AFB2-2D6613F44818}.Debug|Any CPU.Build.0 = Debug|Any CPU
		{4A169166-677A-424A-AFB2-2D6613F44818}.Debug|x64.ActiveCfg = Debug|Any CPU
		{4A169166-677A-424A-AFB2-2D6613F44818}.Debug|x64.Build.0 = Debug|Any CPU
		{4A169166-677A-424A-AFB2-2D6613F44818}.Debug|x86.ActiveCfg = Debug|Any CPU
		{4A169166-677A-424A-AFB2-2D6613F44818}.Debug|x86.Build.0 = Debug|Any CPU
		{4A169166-677A-424A-AFB2-2D6613F44818}.Release|Any CPU.ActiveCfg = Release|Any CPU
		{4A169166-677A-424A-AFB2-2D6613F44818}.Release|Any CPU.Build.0 = Release|Any CPU
		{4A169166-677A-424A-AFB2-2D6613F44818}.Release|x64.ActiveCfg = Release|Any CPU
		{4A169166-677A-424A-AFB2-2D6613F44818}.Release|x64.Build.0 = Release|Any CPU
		{4A169166-677A-424A-AFB2-2D6613F44818}.Release|x86.ActiveCfg = Release|Any CPU
		{4A169166-677A-424A-AFB2-2D6613F44818}.Release|x86.Build.0 = Release|Any CPU
		{3FA8E895-3335-45A5-B419-F9BC1300F6C6}.Debug|Any CPU.ActiveCfg = Debug|Any CPU
		{3FA8E895-3335-45A5-B419-F9BC1300F6C6}.Debug|Any CPU.Build.0 = Debug|Any CPU
		{3FA8E895-3335-45A5-B419-F9BC1300F6C6}.Debug|x64.ActiveCfg = Debug|Any CPU
		{3FA8E895-3335-45A5-B419-F9BC1300F6C6}.Debug|x64.Build.0 = Debug|Any CPU
		{3FA8E895-3335-45A5-B419-F9BC1300F6C6}.Debug|x86.ActiveCfg = Debug|Any CPU
		{3FA8E895-3335-45A5-B419-F9BC1300F6C6}.Debug|x86.Build.0 = Debug|Any CPU
		{3FA8E895-3335-45A5-B419-F9BC1300F6C6}.Release|Any CPU.ActiveCfg = Release|Any CPU
		{3FA8E895-3335-45A5-B419-F9BC1300F6C6}.Release|Any CPU.Build.0 = Release|Any CPU
		{3FA8E895-3335-45A5-B419-F9BC1300F6C6}.Release|x64.ActiveCfg = Release|Any CPU
		{3FA8E895-3335-45A5-B419-F9BC1300F6C6}.Release|x64.Build.0 = Release|Any CPU
		{3FA8E895-3335-45A5-B419-F9BC1300F6C6}.Release|x86.ActiveCfg = Release|Any CPU
		{3FA8E895-3335-45A5-B419-F9BC1300F6C6}.Release|x86.Build.0 = Release|Any CPU
		{E50E95D7-1BAA-4BDF-9A3C-C8ACB231DD81}.Debug|Any CPU.ActiveCfg = Debug|Any CPU
		{E50E95D7-1BAA-4BDF-9A3C-C8ACB231DD81}.Debug|Any CPU.Build.0 = Debug|Any CPU
		{E50E95D7-1BAA-4BDF-9A3C-C8ACB231DD81}.Debug|x64.ActiveCfg = Debug|Any CPU
		{E50E95D7-1BAA-4BDF-9A3C-C8ACB231DD81}.Debug|x64.Build.0 = Debug|Any CPU
		{E50E95D7-1BAA-4BDF-9A3C-C8ACB231DD81}.Debug|x86.ActiveCfg = Debug|Any CPU
		{E50E95D7-1BAA-4BDF-9A3C-C8ACB231DD81}.Debug|x86.Build.0 = Debug|Any CPU
		{E50E95D7-1BAA-4BDF-9A3C-C8ACB231DD81}.Release|Any CPU.ActiveCfg = Release|Any CPU
		{E50E95D7-1BAA-4BDF-9A3C-C8ACB231DD81}.Release|Any CPU.Build.0 = Release|Any CPU
		{E50E95D7-1BAA-4BDF-9A3C-C8ACB231DD81}.Release|x64.ActiveCfg = Release|Any CPU
		{E50E95D7-1BAA-4BDF-9A3C-C8ACB231DD81}.Release|x64.Build.0 = Release|Any CPU
		{E50E95D7-1BAA-4BDF-9A3C-C8ACB231DD81}.Release|x86.ActiveCfg = Release|Any CPU
		{E50E95D7-1BAA-4BDF-9A3C-C8ACB231DD81}.Release|x86.Build.0 = Release|Any CPU
	EndGlobalSection
	GlobalSection(SolutionProperties) = preSolution
		HideSolutionNode = FALSE
	EndGlobalSection
EndGlobal
